{
  "name": "sunset-to-sunset",
  "version": "1.0.0",
  "lockfileVersion": 2,
  "requires": true,
  "packages": {
    "": {
      "name": "sunset-to-sunset",
      "version": "1.0.0",
      "dependencies": {
        "luxon": "^2.0.2"
      },
      "devDependencies": {
        "@types/luxon": "^2.0.4"
      }
    },
    "node_modules/@types/luxon": {
      "version": "2.0.4",
      "resolved": "https://registry.npmjs.org/@types/luxon/-/luxon-2.0.4.tgz",
      "integrity": "sha512-l3xuhmyF2kBldy15SeY6d6HbK2BacEcSK1qTF1ISPtPHr29JH0C1fndz9ExXLKpGl0J6pZi+dGp1i5xesMt60Q==",
      "dev": true
    },
    "node_modules/luxon": {
      "version": "2.0.2",
      "resolved": "https://registry.npmjs.org/luxon/-/luxon-2.0.2.tgz",
      "integrity": "sha512-ZRioYLCgRHrtTORaZX1mx+jtxKtKuI5ZDvHNAmqpUzGqSrR+tL4FVLn/CUGMA3h0+AKD1MAxGI5GnCqR5txNqg==",
      "engines": {
        "node": "*"
      }
    }
  },
  "dependencies": {
    "@types/luxon": {
      "version": "2.0.4",
      "resolved": "https://registry.npmjs.org/@types/luxon/-/luxon-2.0.4.tgz",
      "integrity": "sha512-l3xuhmyF2kBldy15SeY6d6HbK2BacEcSK1qTF1ISPtPHr29JH0C1fndz9ExXLKpGl0J6pZi+dGp1i5xesMt60Q==",
      "dev": true
    },
    "luxon": {
      "version": "2.0.2",
      "resolved": "https://registry.npmjs.org/luxon/-/luxon-2.0.2.tgz",
      "integrity": "sha512-ZRioYLCgRHrtTORaZX1mx+jtxKtKuI5ZDvHNAmqpUzGqSrR+tL4FVLn/CUGMA3h0+AKD1MAxGI5GnCqR5txNqg=="
    }
  }
}
